{
  "R": {
    "Repositories": [
      {
        "Name": "CRAN",
        "URL": "https://cloud.r-project.org"
      }
    ]
  },
  "Packages": {
    "optparse": {
      "Package": "optparse",
      "Version": "1.7.5",
      "Source": "Repository",
      "Repository": "CRAN"
    },
    "getopt": {
      "Package": "getopt",
      "Version": "1.20.4",
      "Source": "Repository",
      "Repository": "CRAN"
    }
  }
}